PODS:
  - Nimble (9.2.0)
  - OHHTTPStubs/Core (9.1.0)
  - OHHTTPStubs/Default (9.1.0):
    - OHHTTPStubs/Core
    - OHHTTPStubs/JSON
    - OHHTTPStubs/NSURLSession
    - OHHTTPStubs/OHPathHelpers
  - OHHTTPStubs/JSON (9.1.0):
    - OHHTTPStubs/Core
  - OHHTTPStubs/NSURLSession (9.1.0):
    - OHHTTPStubs/Core
  - OHHTTPStubs/OHPathHelpers (9.1.0)
  - OHHTTPStubs/Swift (9.1.0):
    - OHHTTPStubs/Default
  - Quick (4.0.0)
  - RestService (2.8.0)
  - RestService/Tests (2.8.0):
    - Nimble (= 9.2.0)
    - OHHTTPStubs/Swift (= 9.1.0)
    - Quick (= 4.0.0)

DEPENDENCIES:
  - RestService (from `../`)
  - RestService/Tests (from `../`)

SPEC REPOS:
  trunk:
    - Nimble
    - OHHTTPStubs
    - Quick

EXTERNAL SOURCES:
  RestService:
    :path: "../"

SPEC CHECKSUMS:
  Nimble: 4f4a345c80b503b3ea13606a4f98405974ee4d0b
  OHHTTPStubs: 90eac6d8f2c18317baeca36698523dc67c513831
  Quick: 6473349e43b9271a8d43839d9ba1c442ed1b7ac4
  RestService: b60f1811c81216bf2ba1afd61640ab34fc4e9202

PODFILE CHECKSUM: a444f90baa04cc6e2aa3de15ce026ab3c20d6790

COCOAPODS: 1.10.1
