PODS:
  - Nimble (8.0.7)
  - OHHTTPStubs/Core (9.0.0)
  - OHHTTPStubs/Default (9.0.0):
    - OHHTTPStubs/Core
    - OHHTTPStubs/JSON
    - OHHTTPStubs/NSURLSession
    - OHHTTPStubs/OHPathHelpers
  - OHHTTPStubs/JSON (9.0.0):
    - OHHTTPStubs/Core
  - OHHTTPStubs/NSURLSession (9.0.0):
    - OHHTTPStubs/Core
  - OHHTTPStubs/OHPathHelpers (9.0.0)
  - OHHTTPStubs/Swift (9.0.0):
    - OHHTTPStubs/Default
  - Quick (2.2.0)
  - RestService (2.0.0)
  - RestService/Tests (2.0.0):
    - Nimble (= 8.0.7)
    - OHHTTPStubs/Swift (= 9.0.0)
    - Quick (= 2.2.0)

DEPENDENCIES:
  - RestService (from `../`)
  - RestService/Tests (from `../`)

SPEC REPOS:
  trunk:
    - Nimble
    - OHHTTPStubs
    - Quick

EXTERNAL SOURCES:
  RestService:
    :path: "../"

SPEC CHECKSUMS:
  Nimble: a73af6ecd4c9106f434f3d55fc54570be3739e0b
  OHHTTPStubs: cb29d2a9d09a828ecb93349a2b0c64f99e0db89f
  Quick: 7fb19e13be07b5dfb3b90d4f9824c855a11af40e
  RestService: 0a34cc94eef27353b76995296e3b0777d18a5754

PODFILE CHECKSUM: 1224191ffc8c7768adc05ca0ba758837712a9745

COCOAPODS: 1.10.0.beta.2
